
Microsoft Visual Studio Solution File, Format Version 12.00
# Visual Studio Version 16
VisualStudioVersion = 16.0.29503.13
MinimumVisualStudioVersion = 10.0.40219.1
Project("{8BC9CEB8-8B4A-11D0-8D11-00A0C91BC942}") = "SnakeAI", "SnakeAI\SnakeAI.vcxproj", "{666FAAF3-54AB-42D7-8130-A8C45EE2D67F}"
EndProject
Project("{8BC9CEB8-8B4A-11D0-8D11-00A0C91BC942}") = "SnakeAIDriver", "SnakeAIDriver\SnakeAIDriver.vcxproj", "{96C66BE1-F92D-49D6-B328-0E012426D475}"
	ProjectSection(ProjectDependencies) = postProject
		{666FAAF3-54AB-42D7-8130-A8C45EE2D67F} = {666FAAF3-54AB-42D7-8130-A8C45EE2D67F}
	EndProjectSection
EndProject
Project("{8BC9CEB8-8B4A-11D0-8D11-00A0C91BC942}") = "SnakeCore", "SnakeCore\SnakeCore.vcxproj", "{E3283A69-7C08-40DC-B562-3C6090228A98}"
EndProject
Global
	GlobalSection(SolutionConfigurationPlatforms) = preSolution
		Debug|x64 = Debug|x64
		Debug|x86 = Debug|x86
		Release|x64 = Release|x64
		Release|x86 = Release|x86
	EndGlobalSection
	GlobalSection(ProjectConfigurationPlatforms) = postSolution
		{666FAAF3-54AB-42D7-8130-A8C45EE2D67F}.Debug|x64.ActiveCfg = Debug|x64
		{666FAAF3-54AB-42D7-8130-A8C45EE2D67F}.Debug|x64.Build.0 = Debug|x64
		{666FAAF3-54AB-42D7-8130-A8C45EE2D67F}.Debug|x86.ActiveCfg = Debug|x64
		{666FAAF3-54AB-42D7-8130-A8C45EE2D67F}.Debug|x86.Build.0 = Debug|x64
		{666FAAF3-54AB-42D7-8130-A8C45EE2D67F}.Release|x64.ActiveCfg = Debug|x64
		{666FAAF3-54AB-42D7-8130-A8C45EE2D67F}.Release|x64.Build.0 = Debug|x64
		{666FAAF3-54AB-42D7-8130-A8C45EE2D67F}.Release|x86.ActiveCfg = Debug|x64
		{666FAAF3-54AB-42D7-8130-A8C45EE2D67F}.Release|x86.Build.0 = Debug|x64
		{96C66BE1-F92D-49D6-B328-0E012426D475}.Debug|x64.ActiveCfg = Debug|x64
		{96C66BE1-F92D-49D6-B328-0E012426D475}.Debug|x64.Build.0 = Debug|x64
		{96C66BE1-F92D-49D6-B328-0E012426D475}.Debug|x86.ActiveCfg = Debug|x64
		{96C66BE1-F92D-49D6-B328-0E012426D475}.Debug|x86.Build.0 = Debug|x64
		{96C66BE1-F92D-49D6-B328-0E012426D475}.Release|x64.ActiveCfg = Debug|x64
		{96C66BE1-F92D-49D6-B328-0E012426D475}.Release|x64.Build.0 = Debug|x64
		{96C66BE1-F92D-49D6-B328-0E012426D475}.Release|x86.ActiveCfg = Debug|x64
		{96C66BE1-F92D-49D6-B328-0E012426D475}.Release|x86.Build.0 = Debug|x64
		{E3283A69-7C08-40DC-B562-3C6090228A98}.Debug|x64.ActiveCfg = Debug|x64
		{E3283A69-7C08-40DC-B562-3C6090228A98}.Debug|x64.Build.0 = Debug|x64
		{E3283A69-7C08-40DC-B562-3C6090228A98}.Debug|x86.ActiveCfg = Debug|Win32
		{E3283A69-7C08-40DC-B562-3C6090228A98}.Debug|x86.Build.0 = Debug|Win32
		{E3283A69-7C08-40DC-B562-3C6090228A98}.Release|x64.ActiveCfg = Release|x64
		{E3283A69-7C08-40DC-B562-3C6090228A98}.Release|x64.Build.0 = Release|x64
		{E3283A69-7C08-40DC-B562-3C6090228A98}.Release|x86.ActiveCfg = Release|Win32
		{E3283A69-7C08-40DC-B562-3C6090228A98}.Release|x86.Build.0 = Release|Win32
	EndGlobalSection
	GlobalSection(SolutionProperties) = preSolution
		HideSolutionNode = FALSE
	EndGlobalSection
	GlobalSection(ExtensibilityGlobals) = postSolution
		SolutionGuid = {7D2D4928-92CD-4320-9CDC-620C0BE200C7}
	EndGlobalSection
EndGlobal
