<?xml version="1.0" encoding="utf-8"?>
<Project ToolsVersion="4.0" xmlns="http://schemas.microsoft.com/developer/msbuild/2003">
  <ItemGroup>
    <Filter Include="Resource Files">
      <UniqueIdentifier>{67DA6AB6-F800-4c08-8B7A-83BB121AAD01}</UniqueIdentifier>
      <Extensions>rc;ico;cur;bmp;dlg;rc2;rct;bin;rgs;gif;jpg;jpeg;jpe;resx;tiff;tif;png;wav;mfcribbon-ms</Extensions>
    </Filter>
    <Filter Include="Solvers">
      <UniqueIdentifier>{4ac1715d-bc8e-42ea-a9c6-604f204f9887}</UniqueIdentifier>
    </Filter>
    <Filter Include="Controllers">
      <UniqueIdentifier>{0fbe8507-3243-4d32-bbd9-25ec65eada45}</UniqueIdentifier>
    </Filter>
    <Filter Include="GameEngine">
      <UniqueIdentifier>{4f7b6e24-5632-4ba1-a936-da098f9d329d}</UniqueIdentifier>
    </Filter>
    <Filter Include="SolversUtility">
      <UniqueIdentifier>{d31c030a-95fe-4593-85f1-9b387beb7ebe}</UniqueIdentifier>
    </Filter>
    <Filter Include="PerformanceTesting">
      <UniqueIdentifier>{4a24362a-2277-4f25-8102-4683159d83e1}</UniqueIdentifier>
    </Filter>
  </ItemGroup>
  <ItemGroup>
    <ClCompile Include="AStarSolver.cpp">
      <Filter>Solvers</Filter>
    </ClCompile>
    <ClCompile Include="DefaultSolver.cpp">
      <Filter>Solvers</Filter>
    </ClCompile>
    <ClCompile Include="DepthFirstSearchSolver.cpp">
      <Filter>Solvers</Filter>
    </ClCompile>
    <ClCompile Include="RandomSolver.cpp">
      <Filter>Solvers</Filter>
    </ClCompile>
    <ClCompile Include="SolverBase.cpp">
      <Filter>Solvers</Filter>
    </ClCompile>
    <ClCompile Include="AIController.cpp">
      <Filter>Controllers</Filter>
    </ClCompile>
    <ClCompile Include="ControllerBase.cpp">
      <Filter>Controllers</Filter>
    </ClCompile>
    <ClCompile Include="UserController.cpp">
      <Filter>Controllers</Filter>
    </ClCompile>
    <ClCompile Include="Apple.cpp">
      <Filter>GameEngine</Filter>
    </ClCompile>
    <ClCompile Include="Position.cpp">
      <Filter>GameEngine</Filter>
    </ClCompile>
    <ClCompile Include="Snake.cpp">
      <Filter>GameEngine</Filter>
    </ClCompile>
    <ClCompile Include="SnakeBoard.cpp">
      <Filter>GameEngine</Filter>
    </ClCompile>
    <ClCompile Include="SnakeState.cpp">
      <Filter>GameEngine</Filter>
    </ClCompile>
    <ClCompile Include="SnakeInterface.cpp">
      <Filter>GameEngine</Filter>
    </ClCompile>
    <ClCompile Include="BestFirstSolver.cpp">
      <Filter>Solvers</Filter>
    </ClCompile>
    <ClCompile Include="HamiltonianSolver.cpp">
      <Filter>Solvers</Filter>
    </ClCompile>
    <ClCompile Include="AdvancedSolver.cpp">
      <Filter>Solvers</Filter>
    </ClCompile>
    <ClCompile Include="HamiltonianBFSSolver.cpp">
      <Filter>Solvers</Filter>
    </ClCompile>
    <ClCompile Include="SnakePath.cpp">
      <Filter>SolversUtility</Filter>
    </ClCompile>
    <ClCompile Include="CostlySnakePath.cpp">
      <Filter>SolversUtility</Filter>
    </ClCompile>
    <ClCompile Include="Frontier.cpp">
      <Filter>SolversUtility</Filter>
    </ClCompile>
    <ClCompile Include="Explored.cpp">
      <Filter>SolversUtility</Filter>
    </ClCompile>
    <ClCompile Include="ReverseAStarSolver.cpp">
      <Filter>Solvers</Filter>
    </ClCompile>
    <ClCompile Include="AStarSolverTemplate.cpp">
      <Filter>Solvers</Filter>
    </ClCompile>
  </ItemGroup>
  <ItemGroup>
    <ClInclude Include="AStarSolver.h">
      <Filter>Solvers</Filter>
    </ClInclude>
    <ClInclude Include="DefaultSolver.h">
      <Filter>Solvers</Filter>
    </ClInclude>
    <ClInclude Include="DepthFirstSearchSolver.h">
      <Filter>Solvers</Filter>
    </ClInclude>
    <ClInclude Include="RandomSolver.h">
      <Filter>Solvers</Filter>
    </ClInclude>
    <ClInclude Include="SolverBase.h">
      <Filter>Solvers</Filter>
    </ClInclude>
    <ClInclude Include="AIController.h">
      <Filter>Controllers</Filter>
    </ClInclude>
    <ClInclude Include="ControllerBase.h">
      <Filter>Controllers</Filter>
    </ClInclude>
    <ClInclude Include="UserController.h">
      <Filter>Controllers</Filter>
    </ClInclude>
    <ClInclude Include="Solvers.hpp">
      <Filter>Solvers</Filter>
    </ClInclude>
    <ClInclude Include="Apple.h">
      <Filter>GameEngine</Filter>
    </ClInclude>
    <ClInclude Include="Position.h">
      <Filter>GameEngine</Filter>
    </ClInclude>
    <ClInclude Include="Snake.h">
      <Filter>GameEngine</Filter>
    </ClInclude>
    <ClInclude Include="SnakeBoard.h">
      <Filter>GameEngine</Filter>
    </ClInclude>
    <ClInclude Include="SnakeState.h">
      <Filter>GameEngine</Filter>
    </ClInclude>
    <ClInclude Include="SnakeInterface.h">
      <Filter>GameEngine</Filter>
    </ClInclude>
    <ClInclude Include="BestFirstSolver.h">
      <Filter>Solvers</Filter>
    </ClInclude>
    <ClInclude Include="BoardTemplate.h">
      <Filter>GameEngine</Filter>
    </ClInclude>
    <ClInclude Include="AdvancedSolver.h">
      <Filter>Solvers</Filter>
    </ClInclude>
    <ClInclude Include="HamiltonianSolver.h">
      <Filter>Solvers</Filter>
    </ClInclude>
    <ClInclude Include="HamiltonianBFSSolver.h">
      <Filter>Solvers</Filter>
    </ClInclude>
    <ClInclude Include="SnakePath.h">
      <Filter>SolversUtility</Filter>
    </ClInclude>
    <ClInclude Include="CostlySnakePath.h">
      <Filter>SolversUtility</Filter>
    </ClInclude>
    <ClInclude Include="Frontier.h">
      <Filter>SolversUtility</Filter>
    </ClInclude>
    <ClInclude Include="Explored.h">
      <Filter>SolversUtility</Filter>
    </ClInclude>
    <ClInclude Include="PerformanceTest.h">
      <Filter>PerformanceTesting</Filter>
    </ClInclude>
    <ClInclude Include="Controllers.hpp">
      <Filter>Controllers</Filter>
    </ClInclude>
    <ClInclude Include="ReverseAStarSolver.h">
      <Filter>Solvers</Filter>
    </ClInclude>
    <ClInclude Include="AStarSolverTemplate.h">
      <Filter>Solvers</Filter>
    </ClInclude>
  </ItemGroup>
</Project>